PODS:
  - Flutter (1.0.0)
  - flutter_plugin_engagelab (0.0.1):
    - Flutter
    - MTPush (= 3.0.0)
  - MTPush (3.0.0)

DEPENDENCIES:
  - Flutter (from `Flutter`)
  - flutter_plugin_engagelab (from `.symlinks/plugins/flutter_plugin_engagelab/ios`)

SPEC REPOS:
  https://github.com/CocoaPods/Specs.git:
    - MTPush

EXTERNAL SOURCES:
  Flutter:
    :path: Flutter
  flutter_plugin_engagelab:
    :path: ".symlinks/plugins/flutter_plugin_engagelab/ios"

SPEC CHECKSUMS:
  Flutter: f04841e97a9d0b0a8025694d0796dd46242b2854
  flutter_plugin_engagelab: e2e909eb32090b3c9d4fdd87030335552d550b42
  MTPush: 481672377f5b4f50245ad312484f6fd0e73c3b1a

PODFILE CHECKSUM: 3054832ac8c21730c2eec790aa6f7324c3764abc

COCOAPODS: 1.11.3
